// !$*UTF8*$!
{
	archiveVersion = 1;
	classes = {
	};
	objectVersion = 48;
	objects = {

/* Begin PBXBuildFile section */
		B888EE0F2074838C000690E0 /* TambahPengirimanViewController.swift in Sources */ = {isa = PBXBuildFile; fileRef = B888EE0E2074838C000690E0 /* TambahPengirimanViewController.swift */; };
		D85B01FE206CD837005FD650 /* KantorViewController.swift in Sources */ = {isa = PBXBuildFile; fileRef = D85B01FD206CD837005FD650 /* KantorViewController.swift */; };
		D85B0200206CDE5C005FD650 /* TambahKantorViewController.swift in Sources */ = {isa = PBXBuildFile; fileRef = D85B01FF206CDE5C005FD650 /* TambahKantorViewController.swift */; };
		D8885F6F206B9DE200BF885F /* LoginViewController.swift in Sources */ = {isa = PBXBuildFile; fileRef = D8885F6E206B9DE200BF885F /* LoginViewController.swift */; };
		D8885F72206B9E6500BF885F /* DBWrapper.swift in Sources */ = {isa = PBXBuildFile; fileRef = D8885F70206B9E6400BF885F /* DBWrapper.swift */; };
		D8885F73206B9E6500BF885F /* Utilities.swift in Sources */ = {isa = PBXBuildFile; fileRef = D8885F71206B9E6400BF885F /* Utilities.swift */; };
		D8885F75206B9FCA00BF885F /* RegisterViewController.swift in Sources */ = {isa = PBXBuildFile; fileRef = D8885F74206B9FCA00BF885F /* RegisterViewController.swift */; };
		D8885F77206BA21D00BF885F /* HomepageViewController.swift in Sources */ = {isa = PBXBuildFile; fileRef = D8885F76206BA21D00BF885F /* HomepageViewController.swift */; };
		D8885F7F206BA30A00BF885F /* PengirimanViewController.swift in Sources */ = {isa = PBXBuildFile; fileRef = D8885F7E206BA30A00BF885F /* PengirimanViewController.swift */; };
		D8C09FBA20746CAA00214CBA /* PelangganViewController.swift in Sources */ = {isa = PBXBuildFile; fileRef = D8C09FB720746CAA00214CBA /* PelangganViewController.swift */; };
		D8C09FBB20746CAA00214CBA /* TambahPelangganViewController.swift in Sources */ = {isa = PBXBuildFile; fileRef = D8C09FB820746CAA00214CBA /* TambahPelangganViewController.swift */; };
		D8C09FBC20746CAA00214CBA /* EditPelangganViewController.swift in Sources */ = {isa = PBXBuildFile; fileRef = D8C09FB920746CAA00214CBA /* EditPelangganViewController.swift */; };
		D8C09FBD20746EA400214CBA /* TambahJenisPengirimanViewController.swift in Sources */ = {isa = PBXBuildFile; fileRef = D8EFCC8E207320A80097DDDF /* TambahJenisPengirimanViewController.swift */; };
		D8C09FBE20746EA600214CBA /* JenisPengirimanViewController.swift in Sources */ = {isa = PBXBuildFile; fileRef = D8EFCC8D207320A80097DDDF /* JenisPengirimanViewController.swift */; };
		D8C09FBF20746EA900214CBA /* EditJenisPengirimanViewController.swift in Sources */ = {isa = PBXBuildFile; fileRef = D8EFCC8C207320A70097DDDF /* EditJenisPengirimanViewController.swift */; };
		D8CC1A4C20746937002DA685 /* tambahOrderViewController.swift in Sources */ = {isa = PBXBuildFile; fileRef = D8CC1A4B20746936002DA685 /* tambahOrderViewController.swift */; };
		D8CC1A5620746A31002DA685 /* tambahkotaViewController.swift in Sources */ = {isa = PBXBuildFile; fileRef = D8CC1A5320746A30002DA685 /* tambahkotaViewController.swift */; };
		D8CC1A5720746A31002DA685 /* editKotaViewController.swift in Sources */ = {isa = PBXBuildFile; fileRef = D8CC1A5420746A30002DA685 /* editKotaViewController.swift */; };
		D8CC1A5820746A31002DA685 /* kotaViewController.swift in Sources */ = {isa = PBXBuildFile; fileRef = D8CC1A5520746A31002DA685 /* kotaViewController.swift */; };
		D8D8CDEF206A3504003A3441 /* AppDelegate.swift in Sources */ = {isa = PBXBuildFile; fileRef = D8D8CDEE206A3504003A3441 /* AppDelegate.swift */; };
		D8D8CDF1206A3504003A3441 /* ViewController.swift in Sources */ = {isa = PBXBuildFile; fileRef = D8D8CDF0206A3504003A3441 /* ViewController.swift */; };
		D8D8CDF4206A3504003A3441 /* Main.storyboard in Resources */ = {isa = PBXBuildFile; fileRef = D8D8CDF2206A3504003A3441 /* Main.storyboard */; };
		D8D8CDF6206A3504003A3441 /* Assets.xcassets in Resources */ = {isa = PBXBuildFile; fileRef = D8D8CDF5206A3504003A3441 /* Assets.xcassets */; };
		D8D8CDF9206A3504003A3441 /* LaunchScreen.storyboard in Resources */ = {isa = PBXBuildFile; fileRef = D8D8CDF7206A3504003A3441 /* LaunchScreen.storyboard */; };
		D8D8CE04206A3505003A3441 /* MiniProjectTests.swift in Sources */ = {isa = PBXBuildFile; fileRef = D8D8CE03206A3505003A3441 /* MiniProjectTests.swift */; };
		D8D8CE0F206A3505003A3441 /* MiniProjectUITests.swift in Sources */ = {isa = PBXBuildFile; fileRef = D8D8CE0E206A3505003A3441 /* MiniProjectUITests.swift */; };
		D8EFCC8520731CBD0097DDDF /* menudataViewController.swift in Sources */ = {isa = PBXBuildFile; fileRef = D8EFCC8420731CBD0097DDDF /* menudataViewController.swift */; };
		D8EFCC9A20733B090097DDDF /* JenisPengirimanTableViewCell.swift in Sources */ = {isa = PBXBuildFile; fileRef = D8EFCC9820733B090097DDDF /* JenisPengirimanTableViewCell.swift */; };
		D8EFCC9B20733B090097DDDF /* PelangganTableViewCell.swift in Sources */ = {isa = PBXBuildFile; fileRef = D8EFCC9920733B090097DDDF /* PelangganTableViewCell.swift */; };
		D8F8DDEA207766B000A4E317 /* pembayaranTableViewCell.swift in Sources */ = {isa = PBXBuildFile; fileRef = D8F8DDE9207766B000A4E317 /* pembayaranTableViewCell.swift */; };
		D8F8DDEC2077683B00A4E317 /* listpembayaranViewController.swift in Sources */ = {isa = PBXBuildFile; fileRef = D8F8DDEB2077683B00A4E317 /* listpembayaranViewController.swift */; };
		E88E036820771F9100891F77 /* tambahitemViewController.swift in Sources */ = {isa = PBXBuildFile; fileRef = E88E036520771F9100891F77 /* tambahitemViewController.swift */; };
		E88E036920771F9100891F77 /* itemViewController.swift in Sources */ = {isa = PBXBuildFile; fileRef = E88E036620771F9100891F77 /* itemViewController.swift */; };
		E88E036A20771F9100891F77 /* edititemViewController.swift in Sources */ = {isa = PBXBuildFile; fileRef = E88E036720771F9100891F77 /* edititemViewController.swift */; };
		E88E036C2077217000891F77 /* PembayaranViewController.swift in Sources */ = {isa = PBXBuildFile; fileRef = E88E036B2077217000891F77 /* PembayaranViewController.swift */; };
		E88E036E2077507200891F77 /* StatusPengirimanViewController.swift in Sources */ = {isa = PBXBuildFile; fileRef = E88E036D2077507200891F77 /* StatusPengirimanViewController.swift */; };
		E89111622075E22A00EF2623 /* orderViewController.swift in Sources */ = {isa = PBXBuildFile; fileRef = E89111612075E22A00EF2623 /* orderViewController.swift */; };
		E89111642075E3F800EF2623 /* ordercustomTableViewCell.swift in Sources */ = {isa = PBXBuildFile; fileRef = E89111632075E3F800EF2623 /* ordercustomTableViewCell.swift */; };
		E89EAE5A2076196A009FAF86 /* editemployeeViewController.swift in Sources */ = {isa = PBXBuildFile; fileRef = E89EAE5720761969009FAF86 /* editemployeeViewController.swift */; };
		E89EAE5B2076196A009FAF86 /* tambahemployeeViewController.swift in Sources */ = {isa = PBXBuildFile; fileRef = E89EAE582076196A009FAF86 /* tambahemployeeViewController.swift */; };
		E89EAE5C2076196A009FAF86 /* employeeViewController.swift in Sources */ = {isa = PBXBuildFile; fileRef = E89EAE592076196A009FAF86 /* employeeViewController.swift */; };
		F5B69C9A20701A1900718AB2 /* EditKantorViewController.swift in Sources */ = {isa = PBXBuildFile; fileRef = F5B69C9920701A1900718AB2 /* EditKantorViewController.swift */; };
/* End PBXBuildFile section */

/* Begin PBXContainerItemProxy section */
		D8D8CE00206A3505003A3441 /* PBXContainerItemProxy */ = {
			isa = PBXContainerItemProxy;
			containerPortal = D8D8CDE3206A3504003A3441 /* Project object */;
			proxyType = 1;
			remoteGlobalIDString = D8D8CDEA206A3504003A3441;
			remoteInfo = MiniProject;
		};
		D8D8CE0B206A3505003A3441 /* PBXContainerItemProxy */ = {
			isa = PBXContainerItemProxy;
			containerPortal = D8D8CDE3206A3504003A3441 /* Project object */;
			proxyType = 1;
			remoteGlobalIDString = D8D8CDEA206A3504003A3441;
			remoteInfo = MiniProject;
		};
/* End PBXContainerItemProxy section */

/* Begin PBXFileReference section */
		B888EE0E2074838C000690E0 /* TambahPengirimanViewController.swift */ = {isa = PBXFileReference; lastKnownFileType = sourcecode.swift; path = TambahPengirimanViewController.swift; sourceTree = "<group>"; };
		D85B01FD206CD837005FD650 /* KantorViewController.swift */ = {isa = PBXFileReference; lastKnownFileType = sourcecode.swift; path = KantorViewController.swift; sourceTree = "<group>"; };
		D85B01FF206CDE5C005FD650 /* TambahKantorViewController.swift */ = {isa = PBXFileReference; lastKnownFileType = sourcecode.swift; path = TambahKantorViewController.swift; sourceTree = "<group>"; };
		D8885F6E206B9DE200BF885F /* LoginViewController.swift */ = {isa = PBXFileReference; lastKnownFileType = sourcecode.swift; path = LoginViewController.swift; sourceTree = "<group>"; };
		D8885F70206B9E6400BF885F /* DBWrapper.swift */ = {isa = PBXFileReference; fileEncoding = 4; lastKnownFileType = sourcecode.swift; path = DBWrapper.swift; sourceTree = "<group>"; };
		D8885F71206B9E6400BF885F /* Utilities.swift */ = {isa = PBXFileReference; fileEncoding = 4; lastKnownFileType = sourcecode.swift; path = Utilities.swift; sourceTree = "<group>"; };
		D8885F74206B9FCA00BF885F /* RegisterViewController.swift */ = {isa = PBXFileReference; lastKnownFileType = sourcecode.swift; path = RegisterViewController.swift; sourceTree = "<group>"; };
		D8885F76206BA21D00BF885F /* HomepageViewController.swift */ = {isa = PBXFileReference; lastKnownFileType = sourcecode.swift; path = HomepageViewController.swift; sourceTree = "<group>"; };
		D8885F7E206BA30A00BF885F /* PengirimanViewController.swift */ = {isa = PBXFileReference; lastKnownFileType = sourcecode.swift; path = PengirimanViewController.swift; sourceTree = "<group>"; };
		D8C09FB720746CAA00214CBA /* PelangganViewController.swift */ = {isa = PBXFileReference; fileEncoding = 4; lastKnownFileType = sourcecode.swift; path = PelangganViewController.swift; sourceTree = "<group>"; };
		D8C09FB820746CAA00214CBA /* TambahPelangganViewController.swift */ = {isa = PBXFileReference; fileEncoding = 4; lastKnownFileType = sourcecode.swift; path = TambahPelangganViewController.swift; sourceTree = "<group>"; };
		D8C09FB920746CAA00214CBA /* EditPelangganViewController.swift */ = {isa = PBXFileReference; fileEncoding = 4; lastKnownFileType = sourcecode.swift; path = EditPelangganViewController.swift; sourceTree = "<group>"; };
		D8CC1A4B20746936002DA685 /* tambahOrderViewController.swift */ = {isa = PBXFileReference; fileEncoding = 4; lastKnownFileType = sourcecode.swift; path = tambahOrderViewController.swift; sourceTree = "<group>"; };
		D8CC1A5320746A30002DA685 /* tambahkotaViewController.swift */ = {isa = PBXFileReference; fileEncoding = 4; lastKnownFileType = sourcecode.swift; path = tambahkotaViewController.swift; sourceTree = "<group>"; };
		D8CC1A5420746A30002DA685 /* editKotaViewController.swift */ = {isa = PBXFileReference; fileEncoding = 4; lastKnownFileType = sourcecode.swift; path = editKotaViewController.swift; sourceTree = "<group>"; };
		D8CC1A5520746A31002DA685 /* kotaViewController.swift */ = {isa = PBXFileReference; fileEncoding = 4; lastKnownFileType = sourcecode.swift; path = kotaViewController.swift; sourceTree = "<group>"; };
		D8D8CDEB206A3504003A3441 /* MiniProject.app */ = {isa = PBXFileReference; explicitFileType = wrapper.application; includeInIndex = 0; path = MiniProject.app; sourceTree = BUILT_PRODUCTS_DIR; };
		D8D8CDEE206A3504003A3441 /* AppDelegate.swift */ = {isa = PBXFileReference; lastKnownFileType = sourcecode.swift; path = AppDelegate.swift; sourceTree = "<group>"; };
		D8D8CDF0206A3504003A3441 /* ViewController.swift */ = {isa = PBXFileReference; lastKnownFileType = sourcecode.swift; path = ViewController.swift; sourceTree = "<group>"; };
		D8D8CDF3206A3504003A3441 /* Base */ = {isa = PBXFileReference; lastKnownFileType = file.storyboard; name = Base; path = Base.lproj/Main.storyboard; sourceTree = "<group>"; };
		D8D8CDF5206A3504003A3441 /* Assets.xcassets */ = {isa = PBXFileReference; lastKnownFileType = folder.assetcatalog; path = Assets.xcassets; sourceTree = "<group>"; };
		D8D8CDF8206A3504003A3441 /* Base */ = {isa = PBXFileReference; lastKnownFileType = file.storyboard; name = Base; path = Base.lproj/LaunchScreen.storyboard; sourceTree = "<group>"; };
		D8D8CDFA206A3505003A3441 /* Info.plist */ = {isa = PBXFileReference; lastKnownFileType = text.plist.xml; path = Info.plist; sourceTree = "<group>"; };
		D8D8CDFF206A3505003A3441 /* MiniProjectTests.xctest */ = {isa = PBXFileReference; explicitFileType = wrapper.cfbundle; includeInIndex = 0; path = MiniProjectTests.xctest; sourceTree = BUILT_PRODUCTS_DIR; };
		D8D8CE03206A3505003A3441 /* MiniProjectTests.swift */ = {isa = PBXFileReference; lastKnownFileType = sourcecode.swift; path = MiniProjectTests.swift; sourceTree = "<group>"; };
		D8D8CE05206A3505003A3441 /* Info.plist */ = {isa = PBXFileReference; lastKnownFileType = text.plist.xml; path = Info.plist; sourceTree = "<group>"; };
		D8D8CE0A206A3505003A3441 /* MiniProjectUITests.xctest */ = {isa = PBXFileReference; explicitFileType = wrapper.cfbundle; includeInIndex = 0; path = MiniProjectUITests.xctest; sourceTree = BUILT_PRODUCTS_DIR; };
		D8D8CE0E206A3505003A3441 /* MiniProjectUITests.swift */ = {isa = PBXFileReference; lastKnownFileType = sourcecode.swift; path = MiniProjectUITests.swift; sourceTree = "<group>"; };
		D8D8CE10206A3505003A3441 /* Info.plist */ = {isa = PBXFileReference; lastKnownFileType = text.plist.xml; path = Info.plist; sourceTree = "<group>"; };
		D8EFCC8420731CBD0097DDDF /* menudataViewController.swift */ = {isa = PBXFileReference; lastKnownFileType = sourcecode.swift; path = menudataViewController.swift; sourceTree = "<group>"; };
		D8EFCC8C207320A70097DDDF /* EditJenisPengirimanViewController.swift */ = {isa = PBXFileReference; lastKnownFileType = sourcecode.swift; path = EditJenisPengirimanViewController.swift; sourceTree = "<group>"; };
		D8EFCC8D207320A80097DDDF /* JenisPengirimanViewController.swift */ = {isa = PBXFileReference; lastKnownFileType = sourcecode.swift; path = JenisPengirimanViewController.swift; sourceTree = "<group>"; };
		D8EFCC8E207320A80097DDDF /* TambahJenisPengirimanViewController.swift */ = {isa = PBXFileReference; lastKnownFileType = sourcecode.swift; path = TambahJenisPengirimanViewController.swift; sourceTree = "<group>"; };
		D8EFCC9820733B090097DDDF /* JenisPengirimanTableViewCell.swift */ = {isa = PBXFileReference; fileEncoding = 4; lastKnownFileType = sourcecode.swift; path = JenisPengirimanTableViewCell.swift; sourceTree = "<group>"; };
		D8EFCC9920733B090097DDDF /* PelangganTableViewCell.swift */ = {isa = PBXFileReference; fileEncoding = 4; lastKnownFileType = sourcecode.swift; path = PelangganTableViewCell.swift; sourceTree = "<group>"; };
		D8F8DDE9207766B000A4E317 /* pembayaranTableViewCell.swift */ = {isa = PBXFileReference; lastKnownFileType = sourcecode.swift; path = pembayaranTableViewCell.swift; sourceTree = "<group>"; };
		D8F8DDEB2077683B00A4E317 /* listpembayaranViewController.swift */ = {isa = PBXFileReference; lastKnownFileType = sourcecode.swift; path = listpembayaranViewController.swift; sourceTree = "<group>"; };
		E88E036520771F9100891F77 /* tambahitemViewController.swift */ = {isa = PBXFileReference; fileEncoding = 4; lastKnownFileType = sourcecode.swift; path = tambahitemViewController.swift; sourceTree = "<group>"; };
		E88E036620771F9100891F77 /* itemViewController.swift */ = {isa = PBXFileReference; fileEncoding = 4; lastKnownFileType = sourcecode.swift; path = itemViewController.swift; sourceTree = "<group>"; };
		E88E036720771F9100891F77 /* edititemViewController.swift */ = {isa = PBXFileReference; fileEncoding = 4; lastKnownFileType = sourcecode.swift; path = edititemViewController.swift; sourceTree = "<group>"; };
		E88E036B2077217000891F77 /* PembayaranViewController.swift */ = {isa = PBXFileReference; fileEncoding = 4; lastKnownFileType = sourcecode.swift; path = PembayaranViewController.swift; sourceTree = "<group>"; };
		E88E036D2077507200891F77 /* StatusPengirimanViewController.swift */ = {isa = PBXFileReference; fileEncoding = 4; lastKnownFileType = sourcecode.swift; path = StatusPengirimanViewController.swift; sourceTree = "<group>"; };
		E89111612075E22A00EF2623 /* orderViewController.swift */ = {isa = PBXFileReference; lastKnownFileType = sourcecode.swift; path = orderViewController.swift; sourceTree = "<group>"; };
		E89111632075E3F800EF2623 /* ordercustomTableViewCell.swift */ = {isa = PBXFileReference; lastKnownFileType = sourcecode.swift; path = ordercustomTableViewCell.swift; sourceTree = "<group>"; };
		E89EAE5720761969009FAF86 /* editemployeeViewController.swift */ = {isa = PBXFileReference; fileEncoding = 4; lastKnownFileType = sourcecode.swift; path = editemployeeViewController.swift; sourceTree = "<group>"; };
		E89EAE582076196A009FAF86 /* tambahemployeeViewController.swift */ = {isa = PBXFileReference; fileEncoding = 4; lastKnownFileType = sourcecode.swift; path = tambahemployeeViewController.swift; sourceTree = "<group>"; };
		E89EAE592076196A009FAF86 /* employeeViewController.swift */ = {isa = PBXFileReference; fileEncoding = 4; lastKnownFileType = sourcecode.swift; path = employeeViewController.swift; sourceTree = "<group>"; };
		F5B69C9920701A1900718AB2 /* EditKantorViewController.swift */ = {isa = PBXFileReference; lastKnownFileType = sourcecode.swift; path = EditKantorViewController.swift; sourceTree = "<group>"; };
/* End PBXFileReference section */

/* Begin PBXFrameworksBuildPhase section */
		D8D8CDE8206A3504003A3441 /* Frameworks */ = {
			isa = PBXFrameworksBuildPhase;
			buildActionMask = 2147483647;
			files = (
			);
			runOnlyForDeploymentPostprocessing = 0;
		};
		D8D8CDFC206A3505003A3441 /* Frameworks */ = {
			isa = PBXFrameworksBuildPhase;
			buildActionMask = 2147483647;
			files = (
			);
			runOnlyForDeploymentPostprocessing = 0;
		};
		D8D8CE07206A3505003A3441 /* Frameworks */ = {
			isa = PBXFrameworksBuildPhase;
			buildActionMask = 2147483647;
			files = (
			);
			runOnlyForDeploymentPostprocessing = 0;
		};
/* End PBXFrameworksBuildPhase section */

/* Begin PBXGroup section */
		D8885F65206B738300BF885F /* CONTROLLER */ = {
			isa = PBXGroup;
			children = (
				D8885F6E206B9DE200BF885F /* LoginViewController.swift */,
				D8885F74206B9FCA00BF885F /* RegisterViewController.swift */,
				D8885F76206BA21D00BF885F /* HomepageViewController.swift */,
				D8EFCC8420731CBD0097DDDF /* menudataViewController.swift */,
				D8F8DDE52077661100A4E317 /* TRANSAKSI */,
				D8F8DDE4207765FD00A4E317 /* MASTER */,
			);
			path = CONTROLLER;
			sourceTree = "<group>";
		};
		D8885F66206B738F00BF885F /* CELL */ = {
			isa = PBXGroup;
			children = (
				D8EFCC9820733B090097DDDF /* JenisPengirimanTableViewCell.swift */,
				D8EFCC9920733B090097DDDF /* PelangganTableViewCell.swift */,
				E89111632075E3F800EF2623 /* ordercustomTableViewCell.swift */,
				D8F8DDE9207766B000A4E317 /* pembayaranTableViewCell.swift */,
			);
			path = CELL;
			sourceTree = "<group>";
		};
		D8885F67206B73A100BF885F /* SINGLETONS */ = {
			isa = PBXGroup;
			children = (
				D8885F70206B9E6400BF885F /* DBWrapper.swift */,
				D8885F71206B9E6400BF885F /* Utilities.swift */,
			);
			path = SINGLETONS;
			sourceTree = "<group>";
		};
		D8D8CDE2206A3504003A3441 = {
			isa = PBXGroup;
			children = (
				D8D8CDED206A3504003A3441 /* MiniProject */,
				D8D8CE02206A3505003A3441 /* MiniProjectTests */,
				D8D8CE0D206A3505003A3441 /* MiniProjectUITests */,
				D8D8CDEC206A3504003A3441 /* Products */,
			);
			sourceTree = "<group>";
		};
		D8D8CDEC206A3504003A3441 /* Products */ = {
			isa = PBXGroup;
			children = (
				D8D8CDEB206A3504003A3441 /* MiniProject.app */,
				D8D8CDFF206A3505003A3441 /* MiniProjectTests.xctest */,
				D8D8CE0A206A3505003A3441 /* MiniProjectUITests.xctest */,
			);
			name = Products;
			sourceTree = "<group>";
		};
		D8D8CDED206A3504003A3441 /* MiniProject */ = {
			isa = PBXGroup;
			children = (
				D8885F67206B73A100BF885F /* SINGLETONS */,
				D8885F66206B738F00BF885F /* CELL */,
				D8885F65206B738300BF885F /* CONTROLLER */,
				D8D8CDEE206A3504003A3441 /* AppDelegate.swift */,
				D8D8CDF0206A3504003A3441 /* ViewController.swift */,
				D8D8CDF2206A3504003A3441 /* Main.storyboard */,
				D8D8CDF5206A3504003A3441 /* Assets.xcassets */,
				D8D8CDF7206A3504003A3441 /* LaunchScreen.storyboard */,
				D8D8CDFA206A3505003A3441 /* Info.plist */,
			);
			path = MiniProject;
			sourceTree = "<group>";
		};
		D8D8CE02206A3505003A3441 /* MiniProjectTests */ = {
			isa = PBXGroup;
			children = (
				D8D8CE03206A3505003A3441 /* MiniProjectTests.swift */,
				D8D8CE05206A3505003A3441 /* Info.plist */,
			);
			path = MiniProjectTests;
			sourceTree = "<group>";
		};
		D8D8CE0D206A3505003A3441 /* MiniProjectUITests */ = {
			isa = PBXGroup;
			children = (
				D8D8CE0E206A3505003A3441 /* MiniProjectUITests.swift */,
				D8D8CE10206A3505003A3441 /* Info.plist */,
			);
			path = MiniProjectUITests;
			sourceTree = "<group>";
		};
		D8EFCC86207320360097DDDF /* Kantor */ = {
			isa = PBXGroup;
			children = (
				D85B01FD206CD837005FD650 /* KantorViewController.swift */,
				D85B01FF206CDE5C005FD650 /* TambahKantorViewController.swift */,
				F5B69C9920701A1900718AB2 /* EditKantorViewController.swift */,
			);
			path = Kantor;
			sourceTree = "<group>";
		};
		D8EFCC872073204D0097DDDF /* Item */ = {
			isa = PBXGroup;
			children = (
				E88E036720771F9100891F77 /* edititemViewController.swift */,
				E88E036620771F9100891F77 /* itemViewController.swift */,
				E88E036520771F9100891F77 /* tambahitemViewController.swift */,
			);
			path = Item;
			sourceTree = "<group>";
		};
		D8EFCC882073205E0097DDDF /* Pelanggan */ = {
			isa = PBXGroup;
			children = (
				D8C09FB920746CAA00214CBA /* EditPelangganViewController.swift */,
				D8C09FB720746CAA00214CBA /* PelangganViewController.swift */,
				D8C09FB820746CAA00214CBA /* TambahPelangganViewController.swift */,
			);
			path = Pelanggan;
			sourceTree = "<group>";
		};
		D8EFCC8B2073209A0097DDDF /* Jenis Pengiriman */ = {
			isa = PBXGroup;
			children = (
				D8EFCC8C207320A70097DDDF /* EditJenisPengirimanViewController.swift */,
				D8EFCC8D207320A80097DDDF /* JenisPengirimanViewController.swift */,
				D8EFCC8E207320A80097DDDF /* TambahJenisPengirimanViewController.swift */,
			);
			path = "Jenis Pengiriman";
			sourceTree = "<group>";
		};
		D8EFCC8F207320B20097DDDF /* Kota */ = {
			isa = PBXGroup;
			children = (
				D8CC1A5420746A30002DA685 /* editKotaViewController.swift */,
				D8CC1A5520746A31002DA685 /* kotaViewController.swift */,
				D8CC1A5320746A30002DA685 /* tambahkotaViewController.swift */,
			);
			path = Kota;
			sourceTree = "<group>";
		};
		D8F8DDE4207765FD00A4E317 /* MASTER */ = {
			isa = PBXGroup;
			children = (
				E8E2D3612075B38800ADEDD4 /* Pegawai */,
				D8EFCC8F207320B20097DDDF /* Kota */,
				D8EFCC8B2073209A0097DDDF /* Jenis Pengiriman */,
				D8EFCC882073205E0097DDDF /* Pelanggan */,
				D8EFCC872073204D0097DDDF /* Item */,
				D8EFCC86207320360097DDDF /* Kantor */,
			);
			path = MASTER;
			sourceTree = "<group>";
		};
		D8F8DDE52077661100A4E317 /* TRANSAKSI */ = {
			isa = PBXGroup;
			children = (
				D8F8DDE82077662900A4E317 /* Pengiriman */,
				D8F8DDE72077662200A4E317 /* Pembayaran */,
				D8F8DDE62077661C00A4E317 /* Order */,
			);
			path = TRANSAKSI;
			sourceTree = "<group>";
		};
		D8F8DDE62077661C00A4E317 /* Order */ = {
			isa = PBXGroup;
			children = (
				D8CC1A4B20746936002DA685 /* tambahOrderViewController.swift */,
				E89111612075E22A00EF2623 /* orderViewController.swift */,
			);
			name = Order;
			path = "../New Group/New Group";
			sourceTree = "<group>";
		};
		D8F8DDE72077662200A4E317 /* Pembayaran */ = {
			isa = PBXGroup;
			children = (
				E88E036B2077217000891F77 /* PembayaranViewController.swift */,
				D8F8DDEB2077683B00A4E317 /* listpembayaranViewController.swift */,
			);
			path = Pembayaran;
			sourceTree = "<group>";
		};
		D8F8DDE82077662900A4E317 /* Pengiriman */ = {
			isa = PBXGroup;
			children = (
				D8885F7E206BA30A00BF885F /* PengirimanViewController.swift */,
				B888EE0E2074838C000690E0 /* TambahPengirimanViewController.swift */,
				E88E036D2077507200891F77 /* StatusPengirimanViewController.swift */,
			);
			path = Pengiriman;
			sourceTree = "<group>";
		};
		E8E2D3612075B38800ADEDD4 /* Pegawai */ = {
			isa = PBXGroup;
			children = (
				E89EAE5720761969009FAF86 /* editemployeeViewController.swift */,
				E89EAE592076196A009FAF86 /* employeeViewController.swift */,
				E89EAE582076196A009FAF86 /* tambahemployeeViewController.swift */,
			);
			path = Pegawai;
			sourceTree = "<group>";
		};
/* End PBXGroup section */

/* Begin PBXNativeTarget section */
		D8D8CDEA206A3504003A3441 /* MiniProject */ = {
			isa = PBXNativeTarget;
			buildConfigurationList = D8D8CE13206A3505003A3441 /* Build configuration list for PBXNativeTarget "MiniProject" */;
			buildPhases = (
				D8D8CDE7206A3504003A3441 /* Sources */,
				D8D8CDE8206A3504003A3441 /* Frameworks */,
				D8D8CDE9206A3504003A3441 /* Resources */,
			);
			buildRules = (
			);
			dependencies = (
			);
			name = MiniProject;
			productName = MiniProject;
			productReference = D8D8CDEB206A3504003A3441 /* MiniProject.app */;
			productType = "com.apple.product-type.application";
		};
		D8D8CDFE206A3505003A3441 /* MiniProjectTests */ = {
			isa = PBXNativeTarget;
			buildConfigurationList = D8D8CE16206A3505003A3441 /* Build configuration list for PBXNativeTarget "MiniProjectTests" */;
			buildPhases = (
				D8D8CDFB206A3505003A3441 /* Sources */,
				D8D8CDFC206A3505003A3441 /* Frameworks */,
				D8D8CDFD206A3505003A3441 /* Resources */,
			);
			buildRules = (
			);
			dependencies = (
				D8D8CE01206A3505003A3441 /* PBXTargetDependency */,
			);
			name = MiniProjectTests;
			productName = MiniProjectTests;
			productReference = D8D8CDFF206A3505003A3441 /* MiniProjectTests.xctest */;
			productType = "com.apple.product-type.bundle.unit-test";
		};
		D8D8CE09206A3505003A3441 /* MiniProjectUITests */ = {
			isa = PBXNativeTarget;
			buildConfigurationList = D8D8CE19206A3505003A3441 /* Build configuration list for PBXNativeTarget "MiniProjectUITests" */;
			buildPhases = (
				D8D8CE06206A3505003A3441 /* Sources */,
				D8D8CE07206A3505003A3441 /* Frameworks */,
				D8D8CE08206A3505003A3441 /* Resources */,
			);
			buildRules = (
			);
			dependencies = (
				D8D8CE0C206A3505003A3441 /* PBXTargetDependency */,
			);
			name = MiniProjectUITests;
			productName = MiniProjectUITests;
			productReference = D8D8CE0A206A3505003A3441 /* MiniProjectUITests.xctest */;
			productType = "com.apple.product-type.bundle.ui-testing";
		};
/* End PBXNativeTarget section */

/* Begin PBXProject section */
		D8D8CDE3206A3504003A3441 /* Project object */ = {
			isa = PBXProject;
			attributes = {
				LastSwiftUpdateCheck = 0900;
				LastUpgradeCheck = 0900;
				ORGANIZATIONNAME = Bootcamp141;
				TargetAttributes = {
					D8D8CDEA206A3504003A3441 = {
						CreatedOnToolsVersion = 9.0.1;
						ProvisioningStyle = Automatic;
					};
					D8D8CDFE206A3505003A3441 = {
						CreatedOnToolsVersion = 9.0.1;
						ProvisioningStyle = Automatic;
						TestTargetID = D8D8CDEA206A3504003A3441;
					};
					D8D8CE09206A3505003A3441 = {
						CreatedOnToolsVersion = 9.0.1;
						ProvisioningStyle = Automatic;
						TestTargetID = D8D8CDEA206A3504003A3441;
					};
				};
			};
			buildConfigurationList = D8D8CDE6206A3504003A3441 /* Build configuration list for PBXProject "MiniProject" */;
			compatibilityVersion = "Xcode 8.0";
			developmentRegion = en;
			hasScannedForEncodings = 0;
			knownRegions = (
				en,
				Base,
			);
			mainGroup = D8D8CDE2206A3504003A3441;
			productRefGroup = D8D8CDEC206A3504003A3441 /* Products */;
			projectDirPath = "";
			projectRoot = "";
			targets = (
				D8D8CDEA206A3504003A3441 /* MiniProject */,
				D8D8CDFE206A3505003A3441 /* MiniProjectTests */,
				D8D8CE09206A3505003A3441 /* MiniProjectUITests */,
			);
		};
/* End PBXProject section */

/* Begin PBXResourcesBuildPhase section */
		D8D8CDE9206A3504003A3441 /* Resources */ = {
			isa = PBXResourcesBuildPhase;
			buildActionMask = 2147483647;
			files = (
				D8D8CDF9206A3504003A3441 /* LaunchScreen.storyboard in Resources */,
				D8D8CDF6206A3504003A3441 /* Assets.xcassets in Resources */,
				D8D8CDF4206A3504003A3441 /* Main.storyboard in Resources */,
			);
			runOnlyForDeploymentPostprocessing = 0;
		};
		D8D8CDFD206A3505003A3441 /* Resources */ = {
			isa = PBXResourcesBuildPhase;
			buildActionMask = 2147483647;
			files = (
			);
			runOnlyForDeploymentPostprocessing = 0;
		};
		D8D8CE08206A3505003A3441 /* Resources */ = {
			isa = PBXResourcesBuildPhase;
			buildActionMask = 2147483647;
			files = (
			);
			runOnlyForDeploymentPostprocessing = 0;
		};
/* End PBXResourcesBuildPhase section */

/* Begin PBXSourcesBuildPhase section */
		D8D8CDE7206A3504003A3441 /* Sources */ = {
			isa = PBXSourcesBuildPhase;
			buildActionMask = 2147483647;
			files = (
				D8885F6F206B9DE200BF885F /* LoginViewController.swift in Sources */,
				E89EAE5C2076196A009FAF86 /* employeeViewController.swift in Sources */,
				D8885F72206B9E6500BF885F /* DBWrapper.swift in Sources */,
				D8C09FBD20746EA400214CBA /* TambahJenisPengirimanViewController.swift in Sources */,
				D8CC1A5620746A31002DA685 /* tambahkotaViewController.swift in Sources */,
				D8885F7F206BA30A00BF885F /* PengirimanViewController.swift in Sources */,
				D85B01FE206CD837005FD650 /* KantorViewController.swift in Sources */,
				D8CC1A4C20746937002DA685 /* tambahOrderViewController.swift in Sources */,
				D8C09FBE20746EA600214CBA /* JenisPengirimanViewController.swift in Sources */,
				E88E036920771F9100891F77 /* itemViewController.swift in Sources */,
				D85B0200206CDE5C005FD650 /* TambahKantorViewController.swift in Sources */,
				D8F8DDEA207766B000A4E317 /* pembayaranTableViewCell.swift in Sources */,
				D8D8CDF1206A3504003A3441 /* ViewController.swift in Sources */,
				B888EE0F2074838C000690E0 /* TambahPengirimanViewController.swift in Sources */,
				E89111622075E22A00EF2623 /* orderViewController.swift in Sources */,
				D8C09FBC20746CAA00214CBA /* EditPelangganViewController.swift in Sources */,
				E88E036A20771F9100891F77 /* edititemViewController.swift in Sources */,
				D8F8DDEC2077683B00A4E317 /* listpembayaranViewController.swift in Sources */,
				D8C09FBF20746EA900214CBA /* EditJenisPengirimanViewController.swift in Sources */,
				E89EAE5B2076196A009FAF86 /* tambahemployeeViewController.swift in Sources */,
				E88E036C2077217000891F77 /* PembayaranViewController.swift in Sources */,
				D8885F77206BA21D00BF885F /* HomepageViewController.swift in Sources */,
				E89EAE5A2076196A009FAF86 /* editemployeeViewController.swift in Sources */,
				D8885F75206B9FCA00BF885F /* RegisterViewController.swift in Sources */,
				D8885F73206B9E6500BF885F /* Utilities.swift in Sources */,
				D8C09FBB20746CAA00214CBA /* TambahPelangganViewController.swift in Sources */,
				D8CC1A5820746A31002DA685 /* kotaViewController.swift in Sources */,
				D8EFCC9A20733B090097DDDF /* JenisPengirimanTableViewCell.swift in Sources */,
				F5B69C9A20701A1900718AB2 /* EditKantorViewController.swift in Sources */,
				E88E036E2077507200891F77 /* StatusPengirimanViewController.swift in Sources */,
				E88E036820771F9100891F77 /* tambahitemViewController.swift in Sources */,
				D8C09FBA20746CAA00214CBA /* PelangganViewController.swift in Sources */,
				D8EFCC8520731CBD0097DDDF /* menudataViewController.swift in Sources */,
				E89111642075E3F800EF2623 /* ordercustomTableViewCell.swift in Sources */,
				D8EFCC9B20733B090097DDDF /* PelangganTableViewCell.swift in Sources */,
				D8CC1A5720746A31002DA685 /* editKotaViewController.swift in Sources */,
				D8D8CDEF206A3504003A3441 /* AppDelegate.swift in Sources */,
			);
			runOnlyForDeploymentPostprocessing = 0;
		};
		D8D8CDFB206A3505003A3441 /* Sources */ = {
			isa = PBXSourcesBuildPhase;
			buildActionMask = 2147483647;
			files = (
				D8D8CE04206A3505003A3441 /* MiniProjectTests.swift in Sources */,
			);
			runOnlyForDeploymentPostprocessing = 0;
		};
		D8D8CE06206A3505003A3441 /* Sources */ = {
			isa = PBXSourcesBuildPhase;
			buildActionMask = 2147483647;
			files = (
				D8D8CE0F206A3505003A3441 /* MiniProjectUITests.swift in Sources */,
			);
			runOnlyForDeploymentPostprocessing = 0;
		};
/* End PBXSourcesBuildPhase section */

/* Begin PBXTargetDependency section */
		D8D8CE01206A3505003A3441 /* PBXTargetDependency */ = {
			isa = PBXTargetDependency;
			target = D8D8CDEA206A3504003A3441 /* MiniProject */;
			targetProxy = D8D8CE00206A3505003A3441 /* PBXContainerItemProxy */;
		};
		D8D8CE0C206A3505003A3441 /* PBXTargetDependency */ = {
			isa = PBXTargetDependency;
			target = D8D8CDEA206A3504003A3441 /* MiniProject */;
			targetProxy = D8D8CE0B206A3505003A3441 /* PBXContainerItemProxy */;
		};
/* End PBXTargetDependency section */

/* Begin PBXVariantGroup section */
		D8D8CDF2206A3504003A3441 /* Main.storyboard */ = {
			isa = PBXVariantGroup;
			children = (
				D8D8CDF3206A3504003A3441 /* Base */,
			);
			name = Main.storyboard;
			sourceTree = "<group>";
		};
		D8D8CDF7206A3504003A3441 /* LaunchScreen.storyboard */ = {
			isa = PBXVariantGroup;
			children = (
				D8D8CDF8206A3504003A3441 /* Base */,
			);
			name = LaunchScreen.storyboard;
			sourceTree = "<group>";
		};
/* End PBXVariantGroup section */

/* Begin XCBuildConfiguration section */
		D8D8CE11206A3505003A3441 /* Debug */ = {
			isa = XCBuildConfiguration;
			buildSettings = {
				ALWAYS_SEARCH_USER_PATHS = NO;
				CLANG_ANALYZER_NONNULL = YES;
				CLANG_ANALYZER_NUMBER_OBJECT_CONVERSION = YES_AGGRESSIVE;
				CLANG_CXX_LANGUAGE_STANDARD = "gnu++14";
				CLANG_CXX_LIBRARY = "libc++";
				CLANG_ENABLE_MODULES = YES;
				CLANG_ENABLE_OBJC_ARC = YES;
				CLANG_WARN_BLOCK_CAPTURE_AUTORELEASING = YES;
				CLANG_WARN_BOOL_CONVERSION = YES;
				CLANG_WARN_COMMA = YES;
				CLANG_WARN_CONSTANT_CONVERSION = YES;
				CLANG_WARN_DIRECT_OBJC_ISA_USAGE = YES_ERROR;
				CLANG_WARN_DOCUMENTATION_COMMENTS = YES;
				CLANG_WARN_EMPTY_BODY = YES;
				CLANG_WARN_ENUM_CONVERSION = YES;
				CLANG_WARN_INFINITE_RECURSION = YES;
				CLANG_WARN_INT_CONVERSION = YES;
				CLANG_WARN_NON_LITERAL_NULL_CONVERSION = YES;
				CLANG_WARN_OBJC_LITERAL_CONVERSION = YES;
				CLANG_WARN_OBJC_ROOT_CLASS = YES_ERROR;
				CLANG_WARN_RANGE_LOOP_ANALYSIS = YES;
				CLANG_WARN_STRICT_PROTOTYPES = YES;
				CLANG_WARN_SUSPICIOUS_MOVE = YES;
				CLANG_WARN_UNGUARDED_AVAILABILITY = YES_AGGRESSIVE;
				CLANG_WARN_UNREACHABLE_CODE = YES;
				CLANG_WARN__DUPLICATE_METHOD_MATCH = YES;
				CODE_SIGN_IDENTITY = "iPhone Developer";
				COPY_PHASE_STRIP = NO;
				DEBUG_INFORMATION_FORMAT = dwarf;
				ENABLE_STRICT_OBJC_MSGSEND = YES;
				ENABLE_TESTABILITY = YES;
				GCC_C_LANGUAGE_STANDARD = gnu11;
				GCC_DYNAMIC_NO_PIC = NO;
				GCC_NO_COMMON_BLOCKS = YES;
				GCC_OPTIMIZATION_LEVEL = 0;
				GCC_PREPROCESSOR_DEFINITIONS = (
					"DEBUG=1",
					"$(inherited)",
				);
				GCC_WARN_64_TO_32_BIT_CONVERSION = YES;
				GCC_WARN_ABOUT_RETURN_TYPE = YES_ERROR;
				GCC_WARN_UNDECLARED_SELECTOR = YES;
				GCC_WARN_UNINITIALIZED_AUTOS = YES_AGGRESSIVE;
				GCC_WARN_UNUSED_FUNCTION = YES;
				GCC_WARN_UNUSED_VARIABLE = YES;
				IPHONEOS_DEPLOYMENT_TARGET = 11.0;
				MTL_ENABLE_DEBUG_INFO = YES;
				ONLY_ACTIVE_ARCH = YES;
				SDKROOT = iphoneos;
				SWIFT_ACTIVE_COMPILATION_CONDITIONS = DEBUG;
				SWIFT_OPTIMIZATION_LEVEL = "-Onone";
			};
			name = Debug;
		};
		D8D8CE12206A3505003A3441 /* Release */ = {
			isa = XCBuildConfiguration;
			buildSettings = {
				ALWAYS_SEARCH_USER_PATHS = NO;
				CLANG_ANALYZER_NONNULL = YES;
				CLANG_ANALYZER_NUMBER_OBJECT_CONVERSION = YES_AGGRESSIVE;
				CLANG_CXX_LANGUAGE_STANDARD = "gnu++14";
				CLANG_CXX_LIBRARY = "libc++";
				CLANG_ENABLE_MODULES = YES;
				CLANG_ENABLE_OBJC_ARC = YES;
				CLANG_WARN_BLOCK_CAPTURE_AUTORELEASING = YES;
				CLANG_WARN_BOOL_CONVERSION = YES;
				CLANG_WARN_COMMA = YES;
				CLANG_WARN_CONSTANT_CONVERSION = YES;
				CLANG_WARN_DIRECT_OBJC_ISA_USAGE = YES_ERROR;
				CLANG_WARN_DOCUMENTATION_COMMENTS = YES;
				CLANG_WARN_EMPTY_BODY = YES;
				CLANG_WARN_ENUM_CONVERSION = YES;
				CLANG_WARN_INFINITE_RECURSION = YES;
				CLANG_WARN_INT_CONVERSION = YES;
				CLANG_WARN_NON_LITERAL_NULL_CONVERSION = YES;
				CLANG_WARN_OBJC_LITERAL_CONVERSION = YES;
				CLANG_WARN_OBJC_ROOT_CLASS = YES_ERROR;
				CLANG_WARN_RANGE_LOOP_ANALYSIS = YES;
				CLANG_WARN_STRICT_PROTOTYPES = YES;
				CLANG_WARN_SUSPICIOUS_MOVE = YES;
				CLANG_WARN_UNGUARDED_AVAILABILITY = YES_AGGRESSIVE;
				CLANG_WARN_UNREACHABLE_CODE = YES;
				CLANG_WARN__DUPLICATE_METHOD_MATCH = YES;
				CODE_SIGN_IDENTITY = "iPhone Developer";
				COPY_PHASE_STRIP = NO;
				DEBUG_INFORMATION_FORMAT = "dwarf-with-dsym";
				ENABLE_NS_ASSERTIONS = NO;
				ENABLE_STRICT_OBJC_MSGSEND = YES;
				GCC_C_LANGUAGE_STANDARD = gnu11;
				GCC_NO_COMMON_BLOCKS = YES;
				GCC_WARN_64_TO_32_BIT_CONVERSION = YES;
				GCC_WARN_ABOUT_RETURN_TYPE = YES_ERROR;
				GCC_WARN_UNDECLARED_SELECTOR = YES;
				GCC_WARN_UNINITIALIZED_AUTOS = YES_AGGRESSIVE;
				GCC_WARN_UNUSED_FUNCTION = YES;
				GCC_WARN_UNUSED_VARIABLE = YES;
				IPHONEOS_DEPLOYMENT_TARGET = 11.0;
				MTL_ENABLE_DEBUG_INFO = NO;
				SDKROOT = iphoneos;
				SWIFT_OPTIMIZATION_LEVEL = "-Owholemodule";
				VALIDATE_PRODUCT = YES;
			};
			name = Release;
		};
		D8D8CE14206A3505003A3441 /* Debug */ = {
			isa = XCBuildConfiguration;
			buildSettings = {
				ASSETCATALOG_COMPILER_APPICON_NAME = AppIcon;
				CODE_SIGN_STYLE = Automatic;
				INFOPLIST_FILE = MiniProject/Info.plist;
				LD_RUNPATH_SEARCH_PATHS = "$(inherited) @executable_path/Frameworks";
				PRODUCT_BUNDLE_IDENTIFIER = Bootcamp141.MiniProject;
				PRODUCT_NAME = "$(TARGET_NAME)";
				SWIFT_VERSION = 4.0;
				TARGETED_DEVICE_FAMILY = "1,2";
			};
			name = Debug;
		};
		D8D8CE15206A3505003A3441 /* Release */ = {
			isa = XCBuildConfiguration;
			buildSettings = {
				ASSETCATALOG_COMPILER_APPICON_NAME = AppIcon;
				CODE_SIGN_STYLE = Automatic;
				INFOPLIST_FILE = MiniProject/Info.plist;
				LD_RUNPATH_SEARCH_PATHS = "$(inherited) @executable_path/Frameworks";
				PRODUCT_BUNDLE_IDENTIFIER = Bootcamp141.MiniProject;
				PRODUCT_NAME = "$(TARGET_NAME)";
				SWIFT_VERSION = 4.0;
				TARGETED_DEVICE_FAMILY = "1,2";
			};
			name = Release;
		};
		D8D8CE17206A3505003A3441 /* Debug */ = {
			isa = XCBuildConfiguration;
			buildSettings = {
				ALWAYS_EMBED_SWIFT_STANDARD_LIBRARIES = YES;
				BUNDLE_LOADER = "$(TEST_HOST)";
				CODE_SIGN_STYLE = Automatic;
				INFOPLIST_FILE = MiniProjectTests/Info.plist;
				LD_RUNPATH_SEARCH_PATHS = "$(inherited) @executable_path/Frameworks @loader_path/Frameworks";
				PRODUCT_BUNDLE_IDENTIFIER = Bootcamp141.MiniProjectTests;
				PRODUCT_NAME = "$(TARGET_NAME)";
				SWIFT_VERSION = 4.0;
				TARGETED_DEVICE_FAMILY = "1,2";
				TEST_HOST = "$(BUILT_PRODUCTS_DIR)/MiniProject.app/MiniProject";
			};
			name = Debug;
		};
		D8D8CE18206A3505003A3441 /* Release */ = {
			isa = XCBuildConfiguration;
			buildSettings = {
				ALWAYS_EMBED_SWIFT_STANDARD_LIBRARIES = YES;
				BUNDLE_LOADER = "$(TEST_HOST)";
				CODE_SIGN_STYLE = Automatic;
				INFOPLIST_FILE = MiniProjectTests/Info.plist;
				LD_RUNPATH_SEARCH_PATHS = "$(inherited) @executable_path/Frameworks @loader_path/Frameworks";
				PRODUCT_BUNDLE_IDENTIFIER = Bootcamp141.MiniProjectTests;
				PRODUCT_NAME = "$(TARGET_NAME)";
				SWIFT_VERSION = 4.0;
				TARGETED_DEVICE_FAMILY = "1,2";
				TEST_HOST = "$(BUILT_PRODUCTS_DIR)/MiniProject.app/MiniProject";
			};
			name = Release;
		};
		D8D8CE1A206A3505003A3441 /* Debug */ = {
			isa = XCBuildConfiguration;
			buildSettings = {
				ALWAYS_EMBED_SWIFT_STANDARD_LIBRARIES = YES;
				CODE_SIGN_STYLE = Automatic;
				INFOPLIST_FILE = MiniProjectUITests/Info.plist;
				LD_RUNPATH_SEARCH_PATHS = "$(inherited) @executable_path/Frameworks @loader_path/Frameworks";
				PRODUCT_BUNDLE_IDENTIFIER = Bootcamp141.MiniProjectUITests;
				PRODUCT_NAME = "$(TARGET_NAME)";
				SWIFT_VERSION = 4.0;
				TARGETED_DEVICE_FAMILY = "1,2";
				TEST_TARGET_NAME = MiniProject;
			};
			name = Debug;
		};
		D8D8CE1B206A3505003A3441 /* Release */ = {
			isa = XCBuildConfiguration;
			buildSettings = {
				ALWAYS_EMBED_SWIFT_STANDARD_LIBRARIES = YES;
				CODE_SIGN_STYLE = Automatic;
				INFOPLIST_FILE = MiniProjectUITests/Info.plist;
				LD_RUNPATH_SEARCH_PATHS = "$(inherited) @executable_path/Frameworks @loader_path/Frameworks";
				PRODUCT_BUNDLE_IDENTIFIER = Bootcamp141.MiniProjectUITests;
				PRODUCT_NAME = "$(TARGET_NAME)";
				SWIFT_VERSION = 4.0;
				TARGETED_DEVICE_FAMILY = "1,2";
				TEST_TARGET_NAME = MiniProject;
			};
			name = Release;
		};
/* End XCBuildConfiguration section */

/* Begin XCConfigurationList section */
		D8D8CDE6206A3504003A3441 /* Build configuration list for PBXProject "MiniProject" */ = {
			isa = XCConfigurationList;
			buildConfigurations = (
				D8D8CE11206A3505003A3441 /* Debug */,
				D8D8CE12206A3505003A3441 /* Release */,
			);
			defaultConfigurationIsVisible = 0;
			defaultConfigurationName = Release;
		};
		D8D8CE13206A3505003A3441 /* Build configuration list for PBXNativeTarget "MiniProject" */ = {
			isa = XCConfigurationList;
			buildConfigurations = (
				D8D8CE14206A3505003A3441 /* Debug */,
				D8D8CE15206A3505003A3441 /* Release */,
			);
			defaultConfigurationIsVisible = 0;
			defaultConfigurationName = Release;
		};
		D8D8CE16206A3505003A3441 /* Build configuration list for PBXNativeTarget "MiniProjectTests" */ = {
			isa = XCConfigurationList;
			buildConfigurations = (
				D8D8CE17206A3505003A3441 /* Debug */,
				D8D8CE18206A3505003A3441 /* Release */,
			);
			defaultConfigurationIsVisible = 0;
			defaultConfigurationName = Release;
		};
		D8D8CE19206A3505003A3441 /* Build configuration list for PBXNativeTarget "MiniProjectUITests" */ = {
			isa = XCConfigurationList;
			buildConfigurations = (
				D8D8CE1A206A3505003A3441 /* Debug */,
				D8D8CE1B206A3505003A3441 /* Release */,
			);
			defaultConfigurationIsVisible = 0;
			defaultConfigurationName = Release;
		};
/* End XCConfigurationList section */
	};
	rootObject = D8D8CDE3206A3504003A3441 /* Project object */;
}
